
Microsoft Visual Studio Solution File, Format Version 12.00
# Visual Studio Version 17
VisualStudioVersion = 17.10.35122.118
MinimumVisualStudioVersion = 10.0.40219.1
Project("{9A19103F-16F7-4668-BE54-9A1E7A4F7556}") = "SmartWay", "SmartWay\SmartWay.csproj", "{144E045D-23D0-4837-9631-E72331E75782}"
EndProject
Project("{9A19103F-16F7-4668-BE54-9A1E7A4F7556}") = "SmartWay.Postgres", "SmartWay.Postgres\SmartWay.Postgres.csproj", "{1BF4A82A-AB27-4FC0-8A25-D768A5E2C35D}"
EndProject
Project("{FAE04EC0-301F-11D3-BF4B-00C04F79EFBC}") = "SmartWay.EFCore", "SmartWay.EFCore\SmartWay.EFCore.csproj", "{5C7FD99D-9CD2-43BB-B20D-FA902973EECE}"
EndProject
Project("{FAE04EC0-301F-11D3-BF4B-00C04F79EFBC}") = "SmartWay.Domain", "SmartWay.Domain\SmartWay.Domain.csproj", "{89AB4B8D-DF2D-459B-91D0-81CF011CF96A}"
EndProject
Global
	GlobalSection(SolutionConfigurationPlatforms) = preSolution
		Debug|Any CPU = Debug|Any CPU
		Release|Any CPU = Release|Any CPU
	EndGlobalSection
	GlobalSection(ProjectConfigurationPlatforms) = postSolution
		{144E045D-23D0-4837-9631-E72331E75782}.Debug|Any CPU.ActiveCfg = Debug|Any CPU
		{144E045D-23D0-4837-9631-E72331E75782}.Debug|Any CPU.Build.0 = Debug|Any CPU
		{144E045D-23D0-4837-9631-E72331E75782}.Release|Any CPU.ActiveCfg = Release|Any CPU
		{144E045D-23D0-4837-9631-E72331E75782}.Release|Any CPU.Build.0 = Release|Any CPU
		{1BF4A82A-AB27-4FC0-8A25-D768A5E2C35D}.Debug|Any CPU.ActiveCfg = Debug|Any CPU
		{1BF4A82A-AB27-4FC0-8A25-D768A5E2C35D}.Debug|Any CPU.Build.0 = Debug|Any CPU
		{1BF4A82A-AB27-4FC0-8A25-D768A5E2C35D}.Release|Any CPU.ActiveCfg = Release|Any CPU
		{1BF4A82A-AB27-4FC0-8A25-D768A5E2C35D}.Release|Any CPU.Build.0 = Release|Any CPU
		{5C7FD99D-9CD2-43BB-B20D-FA902973EECE}.Debug|Any CPU.ActiveCfg = Debug|Any CPU
		{5C7FD99D-9CD2-43BB-B20D-FA902973EECE}.Debug|Any CPU.Build.0 = Debug|Any CPU
		{5C7FD99D-9CD2-43BB-B20D-FA902973EECE}.Release|Any CPU.ActiveCfg = Release|Any CPU
		{5C7FD99D-9CD2-43BB-B20D-FA902973EECE}.Release|Any CPU.Build.0 = Release|Any CPU
		{89AB4B8D-DF2D-459B-91D0-81CF011CF96A}.Debug|Any CPU.ActiveCfg = Debug|Any CPU
		{89AB4B8D-DF2D-459B-91D0-81CF011CF96A}.Debug|Any CPU.Build.0 = Debug|Any CPU
		{89AB4B8D-DF2D-459B-91D0-81CF011CF96A}.Release|Any CPU.ActiveCfg = Release|Any CPU
		{89AB4B8D-DF2D-459B-91D0-81CF011CF96A}.Release|Any CPU.Build.0 = Release|Any CPU
	EndGlobalSection
	GlobalSection(SolutionProperties) = preSolution
		HideSolutionNode = FALSE
	EndGlobalSection
	GlobalSection(ExtensibilityGlobals) = postSolution
		SolutionGuid = {2EB61679-04A8-4D73-A9DE-839F12366B8A}
	EndGlobalSection
EndGlobal
